
Microsoft Visual Studio Solution File, Format Version 12.00
# Visual Studio Version 17
VisualStudioVersion = 17.6.33829.357
MinimumVisualStudioVersion = 10.0.40219.1
Project("{9A19103F-16F7-4668-BE54-9A1E7A4F7556}") = "JokesParser", "JokesParser.csproj", "{BE654CC9-932A-4AA2-B32E-478DA97070B0}"
EndProject
Global
	GlobalSection(SolutionConfigurationPlatforms) = preSolution
		Debug|Any CPU = Debug|Any CPU
		Release|Any CPU = Release|Any CPU
	EndGlobalSection
	GlobalSection(ProjectConfigurationPlatforms) = postSolution
		{BE654CC9-932A-4AA2-B32E-478DA97070B0}.Debug|Any CPU.ActiveCfg = Debug|Any CPU
		{BE654CC9-932A-4AA2-B32E-478DA97070B0}.Debug|Any CPU.Build.0 = Debug|Any CPU
		{BE654CC9-932A-4AA2-B32E-478DA97070B0}.Release|Any CPU.ActiveCfg = Release|Any CPU
		{BE654CC9-932A-4AA2-B32E-478DA97070B0}.Release|Any CPU.Build.0 = Release|Any CPU
	EndGlobalSection
	GlobalSection(SolutionProperties) = preSolution
		HideSolutionNode = FALSE
	EndGlobalSection
	GlobalSection(ExtensibilityGlobals) = postSolution
		SolutionGuid = {B3AB5888-756B-4F85-8665-81F4BCD46309}
	EndGlobalSection
EndGlobal
